{
    "version": 3,
    "terraform_version": "0.8.7",
    "serial": 8,
    "lineage": "7e1dba96-13c0-4043-a684-7d216be591f9",
    "modules": [
        {
            "path": [
                "root"
            ],
            "outputs": {},
            "resources": {
                "aws_eip.wom1-web": {
                    "type": "aws_eip",
                    "depends_on": [
                        "aws_instance.wom1-web"
                    ],
                    "primary": {
                        "id": "eipalloc-d79846e6",
                        "attributes": {
                            "association_id": "eipassoc-11a63720",
                            "domain": "vpc",
                            "id": "eipalloc-d79846e6",
                            "instance": "i-0bde255e3f77de696",
                            "network_interface": "eni-d0606b30",
                            "private_ip": "10.0.0.218",
                            "public_ip": "50.16.176.25",
                            "vpc": "true"
                        },
                        "meta": {},
                        "tainted": false
                    },
                    "deposed": [],
                    "provider": ""
                },
                "aws_instance.wom1-web": {
                    "type": "aws_instance",
                    "depends_on": [
                        "aws_security_group.wom1-web",
                        "aws_subnet.wom1-public"
                    ],
                    "primary": {
                        "id": "i-0bde255e3f77de696",
                        "attributes": {
                            "ami": "ami-49c9295f",
                            "associate_public_ip_address": "true",
                            "availability_zone": "us-east-1a",
                            "disable_api_termination": "false",
                            "ebs_block_device.#": "0",
                            "ebs_optimized": "false",
                            "ephemeral_block_device.#": "0",
                            "iam_instance_profile": "",
                            "id": "i-0bde255e3f77de696",
                            "instance_state": "running",
                            "instance_type": "t2.micro",
                            "key_name": "wom",
                            "monitoring": "false",
                            "network_interface_id": "eni-d0606b30",
                            "private_dns": "ip-10-0-0-218.ec2.internal",
                            "private_ip": "10.0.0.218",
                            "public_dns": "ec2-54-85-172-112.compute-1.amazonaws.com",
                            "public_ip": "54.85.172.112",
                            "root_block_device.#": "1",
                            "root_block_device.0.delete_on_termination": "true",
                            "root_block_device.0.iops": "100",
                            "root_block_device.0.volume_size": "8",
                            "root_block_device.0.volume_type": "gp2",
                            "security_groups.#": "0",
                            "source_dest_check": "false",
                            "subnet_id": "subnet-884a57c1",
                            "tags.%": "1",
                            "tags.Name": "WOM1 Web",
                            "tenancy": "default",
                            "vpc_security_group_ids.#": "1",
                            "vpc_security_group_ids.1781557117": "sg-3bc2ce47"
                        },
                        "meta": {
                            "schema_version": "1"
                        },
                        "tainted": false
                    },
                    "deposed": [],
                    "provider": ""
                },
                "aws_internet_gateway.wom1": {
                    "type": "aws_internet_gateway",
                    "depends_on": [
                        "aws_vpc.wom1"
                    ],
                    "primary": {
                        "id": "igw-2b31024c",
                        "attributes": {
                            "id": "igw-2b31024c",
                            "tags.%": "0",
                            "vpc_id": "vpc-21f88447"
                        },
                        "meta": {},
                        "tainted": false
                    },
                    "deposed": [],
                    "provider": ""
                },
                "aws_route_table.wom1-public": {
                    "type": "aws_route_table",
                    "depends_on": [
                        "aws_internet_gateway.wom1",
                        "aws_vpc.wom1"
                    ],
                    "primary": {
                        "id": "rtb-95bb3cec",
                        "attributes": {
                            "id": "rtb-95bb3cec",
                            "propagating_vgws.#": "0",
                            "route.#": "1",
                            "route.2850385278.cidr_block": "0.0.0.0/0",
                            "route.2850385278.gateway_id": "igw-2b31024c",
                            "route.2850385278.instance_id": "",
                            "route.2850385278.nat_gateway_id": "",
                            "route.2850385278.network_interface_id": "",
                            "route.2850385278.vpc_peering_connection_id": "",
                            "tags.%": "1",
                            "tags.Name": "Public Subnet",
                            "vpc_id": "vpc-21f88447"
                        },
                        "meta": {},
                        "tainted": false
                    },
                    "deposed": [],
                    "provider": ""
                },
                "aws_route_table_association.wom1-public": {
                    "type": "aws_route_table_association",
                    "depends_on": [
                        "aws_route_table.wom1-public",
                        "aws_subnet.wom1-public"
                    ],
                    "primary": {
                        "id": "rtbassoc-9c0652e4",
                        "attributes": {
                            "id": "rtbassoc-9c0652e4",
                            "route_table_id": "rtb-95bb3cec",
                            "subnet_id": "subnet-884a57c1"
                        },
                        "meta": {},
                        "tainted": false
                    },
                    "deposed": [],
                    "provider": ""
                },
                "aws_security_group.wom1-web": {
                    "type": "aws_security_group",
                    "depends_on": [
                        "aws_vpc.wom1"
                    ],
                    "primary": {
                        "id": "sg-3bc2ce47",
                        "attributes": {
                            "description": "Allow incoming HTTP connections.",
                            "egress.#": "1",
                            "egress.1935589223.cidr_blocks.#": "1",
                            "egress.1935589223.cidr_blocks.0": "10.0.1.0/24",
                            "egress.1935589223.from_port": "5432",
                            "egress.1935589223.prefix_list_ids.#": "0",
                            "egress.1935589223.protocol": "tcp",
                            "egress.1935589223.security_groups.#": "0",
                            "egress.1935589223.self": "false",
                            "egress.1935589223.to_port": "5432",
                            "id": "sg-3bc2ce47",
                            "ingress.#": "3",
                            "ingress.1799340084.cidr_blocks.#": "1",
                            "ingress.1799340084.cidr_blocks.0": "0.0.0.0/0",
                            "ingress.1799340084.from_port": "-1",
                            "ingress.1799340084.protocol": "icmp",
                            "ingress.1799340084.security_groups.#": "0",
                            "ingress.1799340084.self": "false",
                            "ingress.1799340084.to_port": "-1",
                            "ingress.2214680975.cidr_blocks.#": "1",
                            "ingress.2214680975.cidr_blocks.0": "0.0.0.0/0",
                            "ingress.2214680975.from_port": "80",
                            "ingress.2214680975.protocol": "tcp",
                            "ingress.2214680975.security_groups.#": "0",
                            "ingress.2214680975.self": "false",
                            "ingress.2214680975.to_port": "80",
                            "ingress.2617001939.cidr_blocks.#": "1",
                            "ingress.2617001939.cidr_blocks.0": "0.0.0.0/0",
                            "ingress.2617001939.from_port": "443",
                            "ingress.2617001939.protocol": "tcp",
                            "ingress.2617001939.security_groups.#": "0",
                            "ingress.2617001939.self": "false",
                            "ingress.2617001939.to_port": "443",
                            "name": "vpc_web",
                            "owner_id": "770114535606",
                            "tags.%": "1",
                            "tags.Name": "WOM1-WebSG",
                            "vpc_id": "vpc-21f88447"
                        },
                        "meta": {},
                        "tainted": false
                    },
                    "deposed": [],
                    "provider": ""
                },
                "aws_subnet.wom1-private": {
                    "type": "aws_subnet",
                    "depends_on": [
                        "aws_vpc.wom1"
                    ],
                    "primary": {
                        "id": "subnet-8b4a57c2",
                        "attributes": {
                            "availability_zone": "us-east-1a",
                            "cidr_block": "10.0.1.0/24",
                            "id": "subnet-8b4a57c2",
                            "map_public_ip_on_launch": "false",
                            "tags.%": "1",
                            "tags.Name": "Private Subnet",
                            "vpc_id": "vpc-21f88447"
                        },
                        "meta": {},
                        "tainted": false
                    },
                    "deposed": [],
                    "provider": ""
                },
                "aws_subnet.wom1-public": {
                    "type": "aws_subnet",
                    "depends_on": [
                        "aws_vpc.wom1"
                    ],
                    "primary": {
                        "id": "subnet-884a57c1",
                        "attributes": {
                            "availability_zone": "us-east-1a",
                            "cidr_block": "10.0.0.0/24",
                            "id": "subnet-884a57c1",
                            "map_public_ip_on_launch": "false",
                            "tags.%": "1",
                            "tags.Name": "Public Subnet",
                            "vpc_id": "vpc-21f88447"
                        },
                        "meta": {},
                        "tainted": false
                    },
                    "deposed": [],
                    "provider": ""
                },
                "aws_vpc.wom1": {
                    "type": "aws_vpc",
                    "depends_on": [],
                    "primary": {
                        "id": "vpc-21f88447",
                        "attributes": {
                            "cidr_block": "10.0.0.0/16",
                            "default_network_acl_id": "acl-c9d4d8af",
                            "default_route_table_id": "rtb-9dbb3ce4",
                            "default_security_group_id": "sg-55c2ce29",
                            "dhcp_options_id": "dopt-0994856b",
                            "enable_classiclink": "false",
                            "enable_dns_hostnames": "true",
                            "enable_dns_support": "true",
                            "id": "vpc-21f88447",
                            "instance_tenancy": "default",
                            "main_route_table_id": "rtb-9dbb3ce4",
                            "tags.%": "1",
                            "tags.Name": "wom1-aws-vpc"
                        },
                        "meta": {},
                        "tainted": false
                    },
                    "deposed": [],
                    "provider": ""
                }
            },
            "depends_on": []
        }
    ]
}
